
Microsoft Visual Studio Solution File, Format Version 12.00
# Visual Studio 15
VisualStudioVersion = 15.0.28307.645
MinimumVisualStudioVersion = 10.0.40219.1
Project("{8BC9CEB8-8B4A-11D0-8D11-00A0C91BC942}") = "TicTacToe", "TicTacToe\TicTacToe.vcxproj", "{99D40729-9A89-4028-BFF9-3392D904B445}"
EndProject
Global
	GlobalSection(SolutionConfigurationPlatforms) = preSolution
		Debug|x64 = Debug|x64
		Debug|x86 = Debug|x86
		Release|x64 = Release|x64
		Release|x86 = Release|x86
	EndGlobalSection
	GlobalSection(ProjectConfigurationPlatforms) = postSolution
		{99D40729-9A89-4028-BFF9-3392D904B445}.Debug|x64.ActiveCfg = Debug|x64
		{99D40729-9A89-4028-BFF9-3392D904B445}.Debug|x64.Build.0 = Debug|x64
		{99D40729-9A89-4028-BFF9-3392D904B445}.Debug|x86.ActiveCfg = Debug|Win32
		{99D40729-9A89-4028-BFF9-3392D904B445}.Debug|x86.Build.0 = Debug|Win32
		{99D40729-9A89-4028-BFF9-3392D904B445}.Release|x64.ActiveCfg = Release|x64
		{99D40729-9A89-4028-BFF9-3392D904B445}.Release|x64.Build.0 = Release|x64
		{99D40729-9A89-4028-BFF9-3392D904B445}.Release|x86.ActiveCfg = Release|Win32
		{99D40729-9A89-4028-BFF9-3392D904B445}.Release|x86.Build.0 = Release|Win32
	EndGlobalSection
	GlobalSection(SolutionProperties) = preSolution
		HideSolutionNode = FALSE
	EndGlobalSection
	GlobalSection(ExtensibilityGlobals) = postSolution
		SolutionGuid = {AD99E0FD-D396-48C4-AC0A-EFC973CEA021}
	EndGlobalSection
EndGlobal
